curl --request PUT \
--url https://malesforfemalesllc.atlassian.net/gateway/api/compass/v1/package_dependencies/lock_file \
--user "$USER_EMAIL:$USER_API_KEY" \
--header "Content-Type: multipart/form-data" \
--form "file=@;type=application/json" \
--form "componentId=ari:cloud:compass:e572e87c-6d12-46e2-a3a4-a7a3ce38ba7e:component/8d56d674-d8cc-412b-9c07-ba4af86b8bb4/fffe3b84-4228-413f-b7cd-23803a78aaf1" \
--form "baseSourceUrl=#L" \
--form "sourceId="